
Microsoft Visual Studio Solution File, Format Version 12.00
# Visual Studio Version 17
VisualStudioVersion = 17.13.35825.156
MinimumVisualStudioVersion = 10.0.40219.1
Project("{8BC9CEB8-8B4A-11D0-8D11-00A0C91BC942}") = "ch01", "ch01\ch01.vcxproj", "{C7381D61-22A2-4631-974F-975F2FCD6539}"
EndProject
Project("{8BC9CEB8-8B4A-11D0-8D11-00A0C91BC942}") = "ch02", "ch02\ch02.vcxproj", "{14D32A51-274E-410E-B4A7-244DF8535431}"
EndProject
Project("{8BC9CEB8-8B4A-11D0-8D11-00A0C91BC942}") = "ch04", "ch04\ch04.vcxproj", "{872C5E51-9D68-47A6-BE49-A178E0E5196D}"
EndProject
Project("{8BC9CEB8-8B4A-11D0-8D11-00A0C91BC942}") = "ch03", "ch03_1\ch03_1.vcxproj", "{637E9B10-772D-4010-B5F0-82E692C4683E}"
EndProject
Project("{8BC9CEB8-8B4A-11D0-8D11-00A0C91BC942}") = "ch05", "ch05\ch05.vcxproj", "{BFF57460-4303-4EDE-A98B-0069A90AAF91}"
EndProject
Project("{8BC9CEB8-8B4A-11D0-8D11-00A0C91BC942}") = "ch06", "ch06\ch06.vcxproj", "{71C6467B-302D-47F8-9F0B-BF00463EB311}"
EndProject
Project("{8BC9CEB8-8B4A-11D0-8D11-00A0C91BC942}") = "ch10_lesson", "ch10\ch10.vcxproj", "{E3EB57F7-F5A1-4A11-BA88-7550AF45F6F1}"
EndProject
Project("{8BC9CEB8-8B4A-11D0-8D11-00A0C91BC942}") = "ch07", "ch07\ch07.vcxproj", "{AF7B7BCE-BBB7-432B-9003-ABC5F3F69F45}"
EndProject
Project("{8BC9CEB8-8B4A-11D0-8D11-00A0C91BC942}") = "ch10", "Project1\Project1.vcxproj", "{FA511771-37AA-403C-8E77-EEFA3B905067}"
EndProject
Global
	GlobalSection(SolutionConfigurationPlatforms) = preSolution
		Debug|x64 = Debug|x64
		Debug|x86 = Debug|x86
		Release|x64 = Release|x64
		Release|x86 = Release|x86
	EndGlobalSection
	GlobalSection(ProjectConfigurationPlatforms) = postSolution
		{C7381D61-22A2-4631-974F-975F2FCD6539}.Debug|x64.ActiveCfg = Debug|x64
		{C7381D61-22A2-4631-974F-975F2FCD6539}.Debug|x64.Build.0 = Debug|x64
		{C7381D61-22A2-4631-974F-975F2FCD6539}.Debug|x86.ActiveCfg = Debug|Win32
		{C7381D61-22A2-4631-974F-975F2FCD6539}.Debug|x86.Build.0 = Debug|Win32
		{C7381D61-22A2-4631-974F-975F2FCD6539}.Release|x64.ActiveCfg = Release|x64
		{C7381D61-22A2-4631-974F-975F2FCD6539}.Release|x64.Build.0 = Release|x64
		{C7381D61-22A2-4631-974F-975F2FCD6539}.Release|x86.ActiveCfg = Release|Win32
		{C7381D61-22A2-4631-974F-975F2FCD6539}.Release|x86.Build.0 = Release|Win32
		{14D32A51-274E-410E-B4A7-244DF8535431}.Debug|x64.ActiveCfg = Debug|x64
		{14D32A51-274E-410E-B4A7-244DF8535431}.Debug|x64.Build.0 = Debug|x64
		{14D32A51-274E-410E-B4A7-244DF8535431}.Debug|x86.ActiveCfg = Debug|Win32
		{14D32A51-274E-410E-B4A7-244DF8535431}.Debug|x86.Build.0 = Debug|Win32
		{14D32A51-274E-410E-B4A7-244DF8535431}.Release|x64.ActiveCfg = Release|x64
		{14D32A51-274E-410E-B4A7-244DF8535431}.Release|x64.Build.0 = Release|x64
		{14D32A51-274E-410E-B4A7-244DF8535431}.Release|x86.ActiveCfg = Release|Win32
		{14D32A51-274E-410E-B4A7-244DF8535431}.Release|x86.Build.0 = Release|Win32
		{872C5E51-9D68-47A6-BE49-A178E0E5196D}.Debug|x64.ActiveCfg = Debug|x64
		{872C5E51-9D68-47A6-BE49-A178E0E5196D}.Debug|x64.Build.0 = Debug|x64
		{872C5E51-9D68-47A6-BE49-A178E0E5196D}.Debug|x86.ActiveCfg = Debug|Win32
		{872C5E51-9D68-47A6-BE49-A178E0E5196D}.Debug|x86.Build.0 = Debug|Win32
		{872C5E51-9D68-47A6-BE49-A178E0E5196D}.Release|x64.ActiveCfg = Release|x64
		{872C5E51-9D68-47A6-BE49-A178E0E5196D}.Release|x64.Build.0 = Release|x64
		{872C5E51-9D68-47A6-BE49-A178E0E5196D}.Release|x86.ActiveCfg = Release|Win32
		{872C5E51-9D68-47A6-BE49-A178E0E5196D}.Release|x86.Build.0 = Release|Win32
		{637E9B10-772D-4010-B5F0-82E692C4683E}.Debug|x64.ActiveCfg = Debug|x64
		{637E9B10-772D-4010-B5F0-82E692C4683E}.Debug|x64.Build.0 = Debug|x64
		{637E9B10-772D-4010-B5F0-82E692C4683E}.Debug|x86.ActiveCfg = Debug|Win32
		{637E9B10-772D-4010-B5F0-82E692C4683E}.Debug|x86.Build.0 = Debug|Win32
		{637E9B10-772D-4010-B5F0-82E692C4683E}.Release|x64.ActiveCfg = Release|x64
		{637E9B10-772D-4010-B5F0-82E692C4683E}.Release|x64.Build.0 = Release|x64
		{637E9B10-772D-4010-B5F0-82E692C4683E}.Release|x86.ActiveCfg = Release|Win32
		{637E9B10-772D-4010-B5F0-82E692C4683E}.Release|x86.Build.0 = Release|Win32
		{BFF57460-4303-4EDE-A98B-0069A90AAF91}.Debug|x64.ActiveCfg = Debug|x64
		{BFF57460-4303-4EDE-A98B-0069A90AAF91}.Debug|x64.Build.0 = Debug|x64
		{BFF57460-4303-4EDE-A98B-0069A90AAF91}.Debug|x86.ActiveCfg = Debug|Win32
		{BFF57460-4303-4EDE-A98B-0069A90AAF91}.Debug|x86.Build.0 = Debug|Win32
		{BFF57460-4303-4EDE-A98B-0069A90AAF91}.Release|x64.ActiveCfg = Release|x64
		{BFF57460-4303-4EDE-A98B-0069A90AAF91}.Release|x64.Build.0 = Release|x64
		{BFF57460-4303-4EDE-A98B-0069A90AAF91}.Release|x86.ActiveCfg = Release|Win32
		{BFF57460-4303-4EDE-A98B-0069A90AAF91}.Release|x86.Build.0 = Release|Win32
		{71C6467B-302D-47F8-9F0B-BF00463EB311}.Debug|x64.ActiveCfg = Debug|x64
		{71C6467B-302D-47F8-9F0B-BF00463EB311}.Debug|x64.Build.0 = Debug|x64
		{71C6467B-302D-47F8-9F0B-BF00463EB311}.Debug|x86.ActiveCfg = Debug|Win32
		{71C6467B-302D-47F8-9F0B-BF00463EB311}.Debug|x86.Build.0 = Debug|Win32
		{71C6467B-302D-47F8-9F0B-BF00463EB311}.Release|x64.ActiveCfg = Release|x64
		{71C6467B-302D-47F8-9F0B-BF00463EB311}.Release|x64.Build.0 = Release|x64
		{71C6467B-302D-47F8-9F0B-BF00463EB311}.Release|x86.ActiveCfg = Release|Win32
		{71C6467B-302D-47F8-9F0B-BF00463EB311}.Release|x86.Build.0 = Release|Win32
		{E3EB57F7-F5A1-4A11-BA88-7550AF45F6F1}.Debug|x64.ActiveCfg = Debug|x64
		{E3EB57F7-F5A1-4A11-BA88-7550AF45F6F1}.Debug|x64.Build.0 = Debug|x64
		{E3EB57F7-F5A1-4A11-BA88-7550AF45F6F1}.Debug|x86.ActiveCfg = Debug|Win32
		{E3EB57F7-F5A1-4A11-BA88-7550AF45F6F1}.Debug|x86.Build.0 = Debug|Win32
		{E3EB57F7-F5A1-4A11-BA88-7550AF45F6F1}.Release|x64.ActiveCfg = Release|x64
		{E3EB57F7-F5A1-4A11-BA88-7550AF45F6F1}.Release|x64.Build.0 = Release|x64
		{E3EB57F7-F5A1-4A11-BA88-7550AF45F6F1}.Release|x86.ActiveCfg = Release|Win32
		{E3EB57F7-F5A1-4A11-BA88-7550AF45F6F1}.Release|x86.Build.0 = Release|Win32
		{AF7B7BCE-BBB7-432B-9003-ABC5F3F69F45}.Debug|x64.ActiveCfg = Debug|x64
		{AF7B7BCE-BBB7-432B-9003-ABC5F3F69F45}.Debug|x64.Build.0 = Debug|x64
		{AF7B7BCE-BBB7-432B-9003-ABC5F3F69F45}.Debug|x86.ActiveCfg = Debug|Win32
		{AF7B7BCE-BBB7-432B-9003-ABC5F3F69F45}.Debug|x86.Build.0 = Debug|Win32
		{AF7B7BCE-BBB7-432B-9003-ABC5F3F69F45}.Release|x64.ActiveCfg = Release|x64
		{AF7B7BCE-BBB7-432B-9003-ABC5F3F69F45}.Release|x64.Build.0 = Release|x64
		{AF7B7BCE-BBB7-432B-9003-ABC5F3F69F45}.Release|x86.ActiveCfg = Release|Win32
		{AF7B7BCE-BBB7-432B-9003-ABC5F3F69F45}.Release|x86.Build.0 = Release|Win32
		{FA511771-37AA-403C-8E77-EEFA3B905067}.Debug|x64.ActiveCfg = Debug|x64
		{FA511771-37AA-403C-8E77-EEFA3B905067}.Debug|x64.Build.0 = Debug|x64
		{FA511771-37AA-403C-8E77-EEFA3B905067}.Debug|x86.ActiveCfg = Debug|Win32
		{FA511771-37AA-403C-8E77-EEFA3B905067}.Debug|x86.Build.0 = Debug|Win32
		{FA511771-37AA-403C-8E77-EEFA3B905067}.Release|x64.ActiveCfg = Release|x64
		{FA511771-37AA-403C-8E77-EEFA3B905067}.Release|x64.Build.0 = Release|x64
		{FA511771-37AA-403C-8E77-EEFA3B905067}.Release|x86.ActiveCfg = Release|Win32
		{FA511771-37AA-403C-8E77-EEFA3B905067}.Release|x86.Build.0 = Release|Win32
	EndGlobalSection
	GlobalSection(SolutionProperties) = preSolution
		HideSolutionNode = FALSE
	EndGlobalSection
	GlobalSection(ExtensibilityGlobals) = postSolution
		SolutionGuid = {9EE7D372-7E08-4F6A-A333-7689DE6BF830}
	EndGlobalSection
EndGlobal
